// !$*UTF8*$!
{
	archiveVersion = 1;
	classes = {
	};
	objectVersion = 46;
	objects = {

/* Begin PBXCopyFilesBuildPhase section */
		B30DE9CB1B99C26B00284135 /* CopyFiles */ = {
			isa = PBXCopyFilesBuildPhase;
			buildActionMask = 2147483647;
			dstPath = /usr/share/man/man1/;
			dstSubfolderSpec = 0;
			files = (
			);
			runOnlyForDeploymentPostprocessing = 1;
		};
		B3DF6A3F1B99D721004BB769 /* CopyFiles */ = {
			isa = PBXCopyFilesBuildPhase;
			buildActionMask = 2147483647;
			dstPath = /usr/share/man/man1/;
			dstSubfolderSpec = 0;
			files = (
			);
			runOnlyForDeploymentPostprocessing = 1;
		};
/* End PBXCopyFilesBuildPhase section */

/* Begin PBXFileReference section */
		B30DE9CD1B99C26B00284135 /* 21st_c */ = {isa = PBXFileReference; explicitFileType = "compiled.mach-o.executable"; includeInIndex = 0; path = 21st_c; sourceTree = BUILT_PRODUCTS_DIR; };
		B3DF6A3C1B99D4D6004BB769 /* preprocessing */ = {isa = PBXFileReference; lastKnownFileType = folder; name = preprocessing; path = ../../../../private/tmp/21st_c/preprocessing; sourceTree = "<group>"; };
		B3DF6A411B99D721004BB769 /* preprocessing */ = {isa = PBXFileReference; explicitFileType = "compiled.mach-o.executable"; includeInIndex = 0; path = preprocessing; sourceTree = BUILT_PRODUCTS_DIR; };
		B3DF6A491B99D80A004BB769 /* py */ = {isa = PBXFileReference; lastKnownFileType = folder; path = py; sourceTree = "<group>"; };
		B3DF6A4A1B99D815004BB769 /* src */ = {isa = PBXFileReference; lastKnownFileType = folder; path = src; sourceTree = "<group>"; };
		B3DF6A4B1B99D823004BB769 /* type */ = {isa = PBXFileReference; lastKnownFileType = folder; path = type; sourceTree = "<group>"; };
/* End PBXFileReference section */

/* Begin PBXFrameworksBuildPhase section */
		B30DE9CA1B99C26B00284135 /* Frameworks */ = {
			isa = PBXFrameworksBuildPhase;
			buildActionMask = 2147483647;
			files = (
			);
			runOnlyForDeploymentPostprocessing = 0;
		};
		B3DF6A3E1B99D721004BB769 /* Frameworks */ = {
			isa = PBXFrameworksBuildPhase;
			buildActionMask = 2147483647;
			files = (
			);
			runOnlyForDeploymentPostprocessing = 0;
		};
/* End PBXFrameworksBuildPhase section */

/* Begin PBXGroup section */
		B30DE9C41B99C26B00284135 = {
			isa = PBXGroup;
			children = (
				B3DF6A4B1B99D823004BB769 /* type */,
				B3DF6A4A1B99D815004BB769 /* src */,
				B3DF6A491B99D80A004BB769 /* py */,
				B3DF6A3C1B99D4D6004BB769 /* preprocessing */,
				B30DE9CE1B99C26B00284135 /* Products */,
			);
			sourceTree = "<group>";
		};
		B30DE9CE1B99C26B00284135 /* Products */ = {
			isa = PBXGroup;
			children = (
				B30DE9CD1B99C26B00284135 /* 21st_c */,
				B3DF6A411B99D721004BB769 /* preprocessing */,
			);
			name = Products;
			sourceTree = "<group>";
		};
/* End PBXGroup section */

/* Begin PBXNativeTarget section */
		B30DE9CC1B99C26B00284135 /* 21st_c */ = {
			isa = PBXNativeTarget;
			buildConfigurationList = B30DE9D41B99C26B00284135 /* Build configuration list for PBXNativeTarget "21st_c" */;
			buildPhases = (
				B30DE9C91B99C26B00284135 /* Sources */,
				B30DE9CA1B99C26B00284135 /* Frameworks */,
				B30DE9CB1B99C26B00284135 /* CopyFiles */,
			);
			buildRules = (
			);
			dependencies = (
			);
			name = 21st_c;
			productName = 21st_c;
			productReference = B30DE9CD1B99C26B00284135 /* 21st_c */;
			productType = "com.apple.product-type.tool";
		};
		B3DF6A401B99D721004BB769 /* preprocessing */ = {
			isa = PBXNativeTarget;
			buildConfigurationList = B3DF6A451B99D721004BB769 /* Build configuration list for PBXNativeTarget "preprocessing" */;
			buildPhases = (
				B3DF6A3D1B99D721004BB769 /* Sources */,
				B3DF6A3E1B99D721004BB769 /* Frameworks */,
				B3DF6A3F1B99D721004BB769 /* CopyFiles */,
			);
			buildRules = (
			);
			dependencies = (
			);
			name = preprocessing;
			productName = preprocessing;
			productReference = B3DF6A411B99D721004BB769 /* preprocessing */;
			productType = "com.apple.product-type.tool";
		};
/* End PBXNativeTarget section */

/* Begin PBXProject section */
		B30DE9C51B99C26B00284135 /* Project object */ = {
			isa = PBXProject;
			attributes = {
				LastUpgradeCheck = 0640;
				ORGANIZATIONNAME = "Jun Jie";
				TargetAttributes = {
					B30DE9CC1B99C26B00284135 = {
						CreatedOnToolsVersion = 6.4;
					};
					B3DF6A401B99D721004BB769 = {
						CreatedOnToolsVersion = 6.4;
					};
				};
			};
			buildConfigurationList = B30DE9C81B99C26B00284135 /* Build configuration list for PBXProject "21st_c" */;
			compatibilityVersion = "Xcode 3.2";
			developmentRegion = English;
			hasScannedForEncodings = 0;
			knownRegions = (
				en,
			);
			mainGroup = B30DE9C41B99C26B00284135;
			productRefGroup = B30DE9CE1B99C26B00284135 /* Products */;
			projectDirPath = "";
			projectRoot = "";
			targets = (
				B30DE9CC1B99C26B00284135 /* 21st_c */,
				B3DF6A401B99D721004BB769 /* preprocessing */,
			);
		};
/* End PBXProject section */

/* Begin PBXSourcesBuildPhase section */
		B30DE9C91B99C26B00284135 /* Sources */ = {
			isa = PBXSourcesBuildPhase;
			buildActionMask = 2147483647;
			files = (
			);
			runOnlyForDeploymentPostprocessing = 0;
		};
		B3DF6A3D1B99D721004BB769 /* Sources */ = {
			isa = PBXSourcesBuildPhase;
			buildActionMask = 2147483647;
			files = (
			);
			runOnlyForDeploymentPostprocessing = 0;
		};
/* End PBXSourcesBuildPhase section */

/* Begin XCBuildConfiguration section */
		B30DE9D21B99C26B00284135 /* Debug */ = {
			isa = XCBuildConfiguration;
			buildSettings = {
				ALWAYS_SEARCH_USER_PATHS = NO;
				CLANG_CXX_LANGUAGE_STANDARD = "gnu++0x";
				CLANG_CXX_LIBRARY = "libc++";
				CLANG_ENABLE_MODULES = YES;
				CLANG_ENABLE_OBJC_ARC = YES;
				CLANG_WARN_BOOL_CONVERSION = YES;
				CLANG_WARN_CONSTANT_CONVERSION = YES;
				CLANG_WARN_DIRECT_OBJC_ISA_USAGE = YES_ERROR;
				CLANG_WARN_EMPTY_BODY = YES;
				CLANG_WARN_ENUM_CONVERSION = YES;
				CLANG_WARN_INT_CONVERSION = YES;
				CLANG_WARN_OBJC_ROOT_CLASS = YES_ERROR;
				CLANG_WARN_UNREACHABLE_CODE = YES;
				CLANG_WARN__DUPLICATE_METHOD_MATCH = YES;
				COPY_PHASE_STRIP = NO;
				DEBUG_INFORMATION_FORMAT = dwarf;
				ENABLE_STRICT_OBJC_MSGSEND = YES;
				GCC_C_LANGUAGE_STANDARD = gnu99;
				GCC_DYNAMIC_NO_PIC = NO;
				GCC_NO_COMMON_BLOCKS = YES;
				GCC_OPTIMIZATION_LEVEL = 0;
				GCC_PREPROCESSOR_DEFINITIONS = (
					"DEBUG=1",
					"$(inherited)",
				);
				GCC_SYMBOLS_PRIVATE_EXTERN = NO;
				GCC_WARN_64_TO_32_BIT_CONVERSION = YES;
				GCC_WARN_ABOUT_RETURN_TYPE = YES_ERROR;
				GCC_WARN_UNDECLARED_SELECTOR = YES;
				GCC_WARN_UNINITIALIZED_AUTOS = YES_AGGRESSIVE;
				GCC_WARN_UNUSED_FUNCTION = YES;
				GCC_WARN_UNUSED_VARIABLE = YES;
				MACOSX_DEPLOYMENT_TARGET = 10.10;
				MTL_ENABLE_DEBUG_INFO = YES;
				ONLY_ACTIVE_ARCH = YES;
				SDKROOT = macosx;
			};
			name = Debug;
		};
		B30DE9D31B99C26B00284135 /* Release */ = {
			isa = XCBuildConfiguration;
			buildSettings = {
				ALWAYS_SEARCH_USER_PATHS = NO;
				CLANG_CXX_LANGUAGE_STANDARD = "gnu++0x";
				CLANG_CXX_LIBRARY = "libc++";
				CLANG_ENABLE_MODULES = YES;
				CLANG_ENABLE_OBJC_ARC = YES;
				CLANG_WARN_BOOL_CONVERSION = YES;
				CLANG_WARN_CONSTANT_CONVERSION = YES;
				CLANG_WARN_DIRECT_OBJC_ISA_USAGE = YES_ERROR;
				CLANG_WARN_EMPTY_BODY = YES;
				CLANG_WARN_ENUM_CONVERSION = YES;
				CLANG_WARN_INT_CONVERSION = YES;
				CLANG_WARN_OBJC_ROOT_CLASS = YES_ERROR;
				CLANG_WARN_UNREACHABLE_CODE = YES;
				CLANG_WARN__DUPLICATE_METHOD_MATCH = YES;
				COPY_PHASE_STRIP = NO;
				DEBUG_INFORMATION_FORMAT = "dwarf-with-dsym";
				ENABLE_NS_ASSERTIONS = NO;
				ENABLE_STRICT_OBJC_MSGSEND = YES;
				GCC_C_LANGUAGE_STANDARD = gnu99;
				GCC_NO_COMMON_BLOCKS = YES;
				GCC_WARN_64_TO_32_BIT_CONVERSION = YES;
				GCC_WARN_ABOUT_RETURN_TYPE = YES_ERROR;
				GCC_WARN_UNDECLARED_SELECTOR = YES;
				GCC_WARN_UNINITIALIZED_AUTOS = YES_AGGRESSIVE;
				GCC_WARN_UNUSED_FUNCTION = YES;
				GCC_WARN_UNUSED_VARIABLE = YES;
				MACOSX_DEPLOYMENT_TARGET = 10.10;
				MTL_ENABLE_DEBUG_INFO = NO;
				SDKROOT = macosx;
			};
			name = Release;
		};
		B30DE9D51B99C26B00284135 /* Debug */ = {
			isa = XCBuildConfiguration;
			buildSettings = {
				PRODUCT_NAME = "$(TARGET_NAME)";
			};
			name = Debug;
		};
		B30DE9D61B99C26B00284135 /* Release */ = {
			isa = XCBuildConfiguration;
			buildSettings = {
				PRODUCT_NAME = "$(TARGET_NAME)";
			};
			name = Release;
		};
		B3DF6A461B99D721004BB769 /* Debug */ = {
			isa = XCBuildConfiguration;
			buildSettings = {
				GCC_PREPROCESSOR_DEFINITIONS = (
					"DEBUG=1",
					"$(inherited)",
				);
				PRODUCT_NAME = "$(TARGET_NAME)";
			};
			name = Debug;
		};
		B3DF6A471B99D721004BB769 /* Release */ = {
			isa = XCBuildConfiguration;
			buildSettings = {
				PRODUCT_NAME = "$(TARGET_NAME)";
			};
			name = Release;
		};
/* End XCBuildConfiguration section */

/* Begin XCConfigurationList section */
		B30DE9C81B99C26B00284135 /* Build configuration list for PBXProject "21st_c" */ = {
			isa = XCConfigurationList;
			buildConfigurations = (
				B30DE9D21B99C26B00284135 /* Debug */,
				B30DE9D31B99C26B00284135 /* Release */,
			);
			defaultConfigurationIsVisible = 0;
			defaultConfigurationName = Release;
		};
		B30DE9D41B99C26B00284135 /* Build configuration list for PBXNativeTarget "21st_c" */ = {
			isa = XCConfigurationList;
			buildConfigurations = (
				B30DE9D51B99C26B00284135 /* Debug */,
				B30DE9D61B99C26B00284135 /* Release */,
			);
			defaultConfigurationIsVisible = 0;
			defaultConfigurationName = Release;
		};
		B3DF6A451B99D721004BB769 /* Build configuration list for PBXNativeTarget "preprocessing" */ = {
			isa = XCConfigurationList;
			buildConfigurations = (
				B3DF6A461B99D721004BB769 /* Debug */,
				B3DF6A471B99D721004BB769 /* Release */,
			);
			defaultConfigurationIsVisible = 0;
		};
/* End XCConfigurationList section */
	};
	rootObject = B30DE9C51B99C26B00284135 /* Project object */;
}
